
Microsoft Visual Studio Solution File, Format Version 12.00
# Visual Studio 2012
Project("{F184B08F-C81C-45F6-A57F-5ABD9991F28F}") = "AdventuresInXNA", "AdventuresInXNA\AdventuresInXNA\AdventuresInXNA.vbproj", "{E72C4C91-8EAC-4A6F-AAFC-50CE52465E82}"
EndProject
Project("{96E2B04D-8817-42C6-938A-82C39BA4D311}") = "AdventuresInXNAContent", "AdventuresInXNA\AdventuresInXNAContent\AdventuresInXNAContent.contentproj", "{C3A3CFB9-E9E6-450D-AAD3-8243699140CE}"
EndProject
Global
	GlobalSection(SolutionConfigurationPlatforms) = preSolution
		Debug|x86 = Debug|x86
		Release|x86 = Release|x86
	EndGlobalSection
	GlobalSection(ProjectConfigurationPlatforms) = postSolution
		{E72C4C91-8EAC-4A6F-AAFC-50CE52465E82}.Debug|x86.ActiveCfg = Debug|x86
		{E72C4C91-8EAC-4A6F-AAFC-50CE52465E82}.Debug|x86.Build.0 = Debug|x86
		{E72C4C91-8EAC-4A6F-AAFC-50CE52465E82}.Release|x86.ActiveCfg = Release|x86
		{E72C4C91-8EAC-4A6F-AAFC-50CE52465E82}.Release|x86.Build.0 = Release|x86
		{C3A3CFB9-E9E6-450D-AAD3-8243699140CE}.Debug|x86.ActiveCfg = Debug|x86
		{C3A3CFB9-E9E6-450D-AAD3-8243699140CE}.Release|x86.ActiveCfg = Release|x86
	EndGlobalSection
	GlobalSection(SolutionProperties) = preSolution
		HideSolutionNode = FALSE
	EndGlobalSection
EndGlobal
